{
  "version": 4,
  "terraform_version": "1.4.4",
  "serial": 3,
  "lineage": "1956291e-5983-9d81-1511-25e74960c383",
  "outputs": {},
  "resources": [
    {
      "mode": "managed",
      "type": "aws_ecr_repository",
      "name": "repository",
      "provider": "provider[\"registry.terraform.io/hashicorp/aws\"]",
      "instances": [
        {
          "schema_version": 0,
          "attributes": {
            "arn": "arn:aws:ecr:us-east-1:850980769302:repository/dev-tf-demo",
            "encryption_configuration": [
              {
                "encryption_type": "AES256",
                "kms_key": ""
              }
            ],
            "force_delete": null,
            "id": "dev-tf-demo",
            "image_scanning_configuration": [
              {
                "scan_on_push": false
              }
            ],
            "image_tag_mutability": "IMMUTABLE",
            "name": "dev-tf-demo",
            "registry_id": "850980769302",
            "repository_url": "850980769302.dkr.ecr.us-east-1.amazonaws.com/dev-tf-demo",
            "tags": {
              "deploy_method": "terraform",
              "environment": "dev"
            },
            "tags_all": {
              "deploy_method": "terraform",
              "environment": "dev"
            },
            "timeouts": null
          },
          "sensitive_attributes": [],
          "private": "eyJlMmJmYjczMC1lY2FhLTExZTYtOGY4OC0zNDM2M2JjN2M0YzAiOnsiZGVsZXRlIjoxMjAwMDAwMDAwMDAwfX0="
        }
      ]
    }
  ],
  "check_results": null
}
