{
  "version": 4,
  "terraform_version": "1.7.5",
  "serial": 7,
  "lineage": "bf9e91b5-88f6-96c4-7705-d584727e0158",
  "outputs": {},
  "resources": [
    {
      "mode": "managed",
      "type": "aws_ecr_repository",
      "name": "repository",
      "provider": "provider[\"registry.terraform.io/hashicorp/aws\"]",
      "instances": [
        {
          "schema_version": 0,
          "attributes": {
            "arn": "arn:aws:ecr:ap-southeast-1:590183945880:repository/dev-my-repo",
            "encryption_configuration": [
              {
                "encryption_type": "AES256",
                "kms_key": ""
              }
            ],
            "force_delete": null,
            "id": "dev-my-repo",
            "image_scanning_configuration": [
              {
                "scan_on_push": false
              }
            ],
            "image_tag_mutability": "IMMUTABLE",
            "name": "dev-my-repo",
            "registry_id": "590183945880",
            "repository_url": "590183945880.dkr.ecr.ap-southeast-1.amazonaws.com/dev-my-repo",
            "tags": {
              "deploy_method": "terraform",
              "environment": "dev"
            },
            "tags_all": {
              "deploy_method": "terraform",
              "environment": "dev"
            },
            "timeouts": null
          },
          "sensitive_attributes": [],
          "private": "eyJlMmJmYjczMC1lY2FhLTExZTYtOGY4OC0zNDM2M2JjN2M0YzAiOnsiZGVsZXRlIjoxMjAwMDAwMDAwMDAwfX0="
        }
      ]
    }
  ],
  "check_results": null
}
